
Microsoft Visual Studio Solution File, Format Version 12.00
# Visual Studio Version 17
VisualStudioVersion = 17.13.36105.23
MinimumVisualStudioVersion = 10.0.40219.1
Project("{FAE04EC0-301F-11D3-BF4B-00C04F79EFBC}") = "C#_02", "C#_02\C#_02.csproj", "{27A0B6FE-FD49-4720-8CC4-02DE59DC95A0}"
EndProject
Project("{FAE04EC0-301F-11D3-BF4B-00C04F79EFBC}") = "C#_03", "C#_03\C#_03.csproj", "{5BF214C2-4179-4D6C-8B78-96D5F6B4ADED}"
EndProject
Project("{FAE04EC0-301F-11D3-BF4B-00C04F79EFBC}") = "C#_04", "C#_04\C#_04.csproj", "{D8961CEF-06CF-424F-B4E8-F72F29B2B0F8}"
EndProject
Project("{FAE04EC0-301F-11D3-BF4B-00C04F79EFBC}") = "C#_05", "C#_05\C#_05.csproj", "{302C26AB-75CD-48FF-BA2E-6DB7BD7FCF74}"
EndProject
Project("{FAE04EC0-301F-11D3-BF4B-00C04F79EFBC}") = "C#_06", "C#_06\C#_06.csproj", "{DCC4865B-C677-4B7A-B72F-281BA963F5A8}"
EndProject
Global
	GlobalSection(SolutionConfigurationPlatforms) = preSolution
		Debug|Any CPU = Debug|Any CPU
		Release|Any CPU = Release|Any CPU
	EndGlobalSection
	GlobalSection(ProjectConfigurationPlatforms) = postSolution
		{27A0B6FE-FD49-4720-8CC4-02DE59DC95A0}.Debug|Any CPU.ActiveCfg = Debug|Any CPU
		{27A0B6FE-FD49-4720-8CC4-02DE59DC95A0}.Debug|Any CPU.Build.0 = Debug|Any CPU
		{27A0B6FE-FD49-4720-8CC4-02DE59DC95A0}.Release|Any CPU.ActiveCfg = Release|Any CPU
		{27A0B6FE-FD49-4720-8CC4-02DE59DC95A0}.Release|Any CPU.Build.0 = Release|Any CPU
		{5BF214C2-4179-4D6C-8B78-96D5F6B4ADED}.Debug|Any CPU.ActiveCfg = Debug|Any CPU
		{5BF214C2-4179-4D6C-8B78-96D5F6B4ADED}.Debug|Any CPU.Build.0 = Debug|Any CPU
		{5BF214C2-4179-4D6C-8B78-96D5F6B4ADED}.Release|Any CPU.ActiveCfg = Release|Any CPU
		{5BF214C2-4179-4D6C-8B78-96D5F6B4ADED}.Release|Any CPU.Build.0 = Release|Any CPU
		{D8961CEF-06CF-424F-B4E8-F72F29B2B0F8}.Debug|Any CPU.ActiveCfg = Debug|Any CPU
		{D8961CEF-06CF-424F-B4E8-F72F29B2B0F8}.Debug|Any CPU.Build.0 = Debug|Any CPU
		{D8961CEF-06CF-424F-B4E8-F72F29B2B0F8}.Release|Any CPU.ActiveCfg = Release|Any CPU
		{D8961CEF-06CF-424F-B4E8-F72F29B2B0F8}.Release|Any CPU.Build.0 = Release|Any CPU
		{302C26AB-75CD-48FF-BA2E-6DB7BD7FCF74}.Debug|Any CPU.ActiveCfg = Debug|Any CPU
		{302C26AB-75CD-48FF-BA2E-6DB7BD7FCF74}.Debug|Any CPU.Build.0 = Debug|Any CPU
		{302C26AB-75CD-48FF-BA2E-6DB7BD7FCF74}.Release|Any CPU.ActiveCfg = Release|Any CPU
		{302C26AB-75CD-48FF-BA2E-6DB7BD7FCF74}.Release|Any CPU.Build.0 = Release|Any CPU
		{DCC4865B-C677-4B7A-B72F-281BA963F5A8}.Debug|Any CPU.ActiveCfg = Debug|Any CPU
		{DCC4865B-C677-4B7A-B72F-281BA963F5A8}.Debug|Any CPU.Build.0 = Debug|Any CPU
		{DCC4865B-C677-4B7A-B72F-281BA963F5A8}.Release|Any CPU.ActiveCfg = Release|Any CPU
		{DCC4865B-C677-4B7A-B72F-281BA963F5A8}.Release|Any CPU.Build.0 = Release|Any CPU
	EndGlobalSection
	GlobalSection(SolutionProperties) = preSolution
		HideSolutionNode = FALSE
	EndGlobalSection
	GlobalSection(ExtensibilityGlobals) = postSolution
		SolutionGuid = {310D622E-2114-482E-BA75-9A48C95BA2AF}
	EndGlobalSection
EndGlobal
